
Microsoft Visual Studio Solution File, Format Version 12.00
# Visual Studio Version 16
VisualStudioVersion = 16.0.30717.126
MinimumVisualStudioVersion = 10.0.40219.1
Project("{FAE04EC0-301F-11D3-BF4B-00C04F79EFBC}") = "HarcosokApplication", "HarcosokApplication\HarcosokApplication.csproj", "{70590F57-D66D-4C7C-9238-F189C7F3D414}"
EndProject
Global
	GlobalSection(SolutionConfigurationPlatforms) = preSolution
		Debug|Any CPU = Debug|Any CPU
		Release|Any CPU = Release|Any CPU
	EndGlobalSection
	GlobalSection(ProjectConfigurationPlatforms) = postSolution
		{70590F57-D66D-4C7C-9238-F189C7F3D414}.Debug|Any CPU.ActiveCfg = Debug|Any CPU
		{70590F57-D66D-4C7C-9238-F189C7F3D414}.Debug|Any CPU.Build.0 = Debug|Any CPU
		{70590F57-D66D-4C7C-9238-F189C7F3D414}.Release|Any CPU.ActiveCfg = Release|Any CPU
		{70590F57-D66D-4C7C-9238-F189C7F3D414}.Release|Any CPU.Build.0 = Release|Any CPU
	EndGlobalSection
	GlobalSection(SolutionProperties) = preSolution
		HideSolutionNode = FALSE
	EndGlobalSection
	GlobalSection(ExtensibilityGlobals) = postSolution
		SolutionGuid = {6891DD60-2586-4DD0-A57F-2DDA61061EC5}
	EndGlobalSection
EndGlobal
